
Microsoft Visual Studio Solution File, Format Version 12.00
# Visual Studio Version 17
VisualStudioVersion = 17.11.35219.272
MinimumVisualStudioVersion = 10.0.40219.1
Project("{FAE04EC0-301F-11D3-BF4B-00C04F79EFBC}") = "NumberGuessingGameWPF", "NumberGuessingGameWPF\NumberGuessingGameWPF.csproj", "{BFFCF71F-8B65-4B1C-ADAB-C1ECED471925}"
EndProject
Global
	GlobalSection(SolutionConfigurationPlatforms) = preSolution
		Debug|Any CPU = Debug|Any CPU
		Release|Any CPU = Release|Any CPU
	EndGlobalSection
	GlobalSection(ProjectConfigurationPlatforms) = postSolution
		{BFFCF71F-8B65-4B1C-ADAB-C1ECED471925}.Debug|Any CPU.ActiveCfg = Debug|Any CPU
		{BFFCF71F-8B65-4B1C-ADAB-C1ECED471925}.Debug|Any CPU.Build.0 = Debug|Any CPU
		{BFFCF71F-8B65-4B1C-ADAB-C1ECED471925}.Release|Any CPU.ActiveCfg = Release|Any CPU
		{BFFCF71F-8B65-4B1C-ADAB-C1ECED471925}.Release|Any CPU.Build.0 = Release|Any CPU
	EndGlobalSection
	GlobalSection(SolutionProperties) = preSolution
		HideSolutionNode = FALSE
	EndGlobalSection
	GlobalSection(ExtensibilityGlobals) = postSolution
		SolutionGuid = {94DDE846-6FF9-44A9-96F0-8BD3D34880B5}
	EndGlobalSection
EndGlobal
